
Microsoft Visual Studio Solution File, Format Version 12.00
# Visual Studio 2012
Project("{FAE04EC0-301F-11D3-BF4B-00C04F79EFBC}") = "App.Web", "AppWeb\App.Web\App.Web.csproj", "{14C960F4-FB3E-41E2-B826-3FFA51DD5DA7}"
EndProject
Project("{FAE04EC0-301F-11D3-BF4B-00C04F79EFBC}") = "App.WebAndroid", "AppWeb\App.WebAndroid\App.WebAndroid.csproj", "{EEB5A4FE-0180-4C43-973A-FFA2BC2A2DEC}"
EndProject
Project("{FAE04EC0-301F-11D3-BF4B-00C04F79EFBC}") = "App.WebIOS", "AppWeb\App.WebIOS\App.WebIOS.csproj", "{4A5D5830-8ADB-432F-B80B-D97D3C7A9390}"
EndProject
Project("{FAE04EC0-301F-11D3-BF4B-00C04F79EFBC}") = "App.Secure", "AppSecure\App.Secure\App.Secure.csproj", "{83184C9F-D171-4401-B920-21D57BCA097A}"
EndProject
Project("{FAE04EC0-301F-11D3-BF4B-00C04F79EFBC}") = "App.SecureAndroid", "AppSecure\App.SecureAndroid\App.SecureAndroid.csproj", "{4CC21E4B-0E97-4911-A94D-2B1B506743FD}"
EndProject
Project("{FAE04EC0-301F-11D3-BF4B-00C04F79EFBC}") = "App.SecureIOS", "AppSecure\App.SecureIOS\App.SecureIOS.csproj", "{A92F2987-E997-462B-8D4A-1B2309A40B7D}"
EndProject
Project("{2150E333-8FDC-42A3-9474-1A3956D46DE8}") = "AppSecure", "AppSecure", "{EA168D09-F765-469D-B2D9-626C742B6C01}"
EndProject
Project("{2150E333-8FDC-42A3-9474-1A3956D46DE8}") = "AppWeb", "AppWeb", "{6035726C-01B3-4DB4-9B6D-0457C1EEEC49}"
EndProject
Project("{2150E333-8FDC-42A3-9474-1A3956D46DE8}") = "Readme", "Readme", "{031C138D-259B-4AF3-A843-0931C88A58ED}"
	ProjectSection(SolutionItems) = preProject
		OneClickAppWebReadme.html = OneClickAppWebReadme.html
		Readme.md = Readme.md
	EndProjectSection
EndProject
Global
	GlobalSection(SolutionConfigurationPlatforms) = preSolution
		Ad-Hoc|Any CPU = Ad-Hoc|Any CPU
		Ad-Hoc|iPhone = Ad-Hoc|iPhone
		Ad-Hoc|iPhoneSimulator = Ad-Hoc|iPhoneSimulator
		Ad-Hoc|Mixed Platforms = Ad-Hoc|Mixed Platforms
		AppStore|Any CPU = AppStore|Any CPU
		AppStore|iPhone = AppStore|iPhone
		AppStore|iPhoneSimulator = AppStore|iPhoneSimulator
		AppStore|Mixed Platforms = AppStore|Mixed Platforms
		Debug|Any CPU = Debug|Any CPU
		Debug|iPhone = Debug|iPhone
		Debug|iPhoneSimulator = Debug|iPhoneSimulator
		Debug|Mixed Platforms = Debug|Mixed Platforms
		Release|Any CPU = Release|Any CPU
		Release|iPhone = Release|iPhone
		Release|iPhoneSimulator = Release|iPhoneSimulator
		Release|Mixed Platforms = Release|Mixed Platforms
	EndGlobalSection
	GlobalSection(ProjectConfigurationPlatforms) = postSolution
		{14C960F4-FB3E-41E2-B826-3FFA51DD5DA7}.Ad-Hoc|Any CPU.ActiveCfg = Release|Any CPU
		{14C960F4-FB3E-41E2-B826-3FFA51DD5DA7}.Ad-Hoc|Any CPU.Build.0 = Release|Any CPU
		{14C960F4-FB3E-41E2-B826-3FFA51DD5DA7}.Ad-Hoc|iPhone.ActiveCfg = Release|Any CPU
		{14C960F4-FB3E-41E2-B826-3FFA51DD5DA7}.Ad-Hoc|iPhoneSimulator.ActiveCfg = Release|Any CPU
		{14C960F4-FB3E-41E2-B826-3FFA51DD5DA7}.Ad-Hoc|Mixed Platforms.ActiveCfg = Release|Any CPU
		{14C960F4-FB3E-41E2-B826-3FFA51DD5DA7}.Ad-Hoc|Mixed Platforms.Build.0 = Release|Any CPU
		{14C960F4-FB3E-41E2-B826-3FFA51DD5DA7}.AppStore|Any CPU.ActiveCfg = Release|Any CPU
		{14C960F4-FB3E-41E2-B826-3FFA51DD5DA7}.AppStore|Any CPU.Build.0 = Release|Any CPU
		{14C960F4-FB3E-41E2-B826-3FFA51DD5DA7}.AppStore|iPhone.ActiveCfg = Release|Any CPU
		{14C960F4-FB3E-41E2-B826-3FFA51DD5DA7}.AppStore|iPhoneSimulator.ActiveCfg = Release|Any CPU
		{14C960F4-FB3E-41E2-B826-3FFA51DD5DA7}.AppStore|Mixed Platforms.ActiveCfg = Release|Any CPU
		{14C960F4-FB3E-41E2-B826-3FFA51DD5DA7}.AppStore|Mixed Platforms.Build.0 = Release|Any CPU
		{14C960F4-FB3E-41E2-B826-3FFA51DD5DA7}.Debug|Any CPU.ActiveCfg = Debug|Any CPU
		{14C960F4-FB3E-41E2-B826-3FFA51DD5DA7}.Debug|Any CPU.Build.0 = Debug|Any CPU
		{14C960F4-FB3E-41E2-B826-3FFA51DD5DA7}.Debug|iPhone.ActiveCfg = Debug|Any CPU
		{14C960F4-FB3E-41E2-B826-3FFA51DD5DA7}.Debug|iPhoneSimulator.ActiveCfg = Debug|Any CPU
		{14C960F4-FB3E-41E2-B826-3FFA51DD5DA7}.Debug|Mixed Platforms.ActiveCfg = Debug|Any CPU
		{14C960F4-FB3E-41E2-B826-3FFA51DD5DA7}.Debug|Mixed Platforms.Build.0 = Debug|Any CPU
		{14C960F4-FB3E-41E2-B826-3FFA51DD5DA7}.Release|Any CPU.ActiveCfg = Release|Any CPU
		{14C960F4-FB3E-41E2-B826-3FFA51DD5DA7}.Release|Any CPU.Build.0 = Release|Any CPU
		{14C960F4-FB3E-41E2-B826-3FFA51DD5DA7}.Release|iPhone.ActiveCfg = Release|Any CPU
		{14C960F4-FB3E-41E2-B826-3FFA51DD5DA7}.Release|iPhoneSimulator.ActiveCfg = Release|Any CPU
		{14C960F4-FB3E-41E2-B826-3FFA51DD5DA7}.Release|Mixed Platforms.ActiveCfg = Release|Any CPU
		{14C960F4-FB3E-41E2-B826-3FFA51DD5DA7}.Release|Mixed Platforms.Build.0 = Release|Any CPU
		{EEB5A4FE-0180-4C43-973A-FFA2BC2A2DEC}.Ad-Hoc|Any CPU.ActiveCfg = Release|Any CPU
		{EEB5A4FE-0180-4C43-973A-FFA2BC2A2DEC}.Ad-Hoc|Any CPU.Build.0 = Release|Any CPU
		{EEB5A4FE-0180-4C43-973A-FFA2BC2A2DEC}.Ad-Hoc|Any CPU.Deploy.0 = Release|Any CPU
		{EEB5A4FE-0180-4C43-973A-FFA2BC2A2DEC}.Ad-Hoc|iPhone.ActiveCfg = Release|Any CPU
		{EEB5A4FE-0180-4C43-973A-FFA2BC2A2DEC}.Ad-Hoc|iPhoneSimulator.ActiveCfg = Release|Any CPU
		{EEB5A4FE-0180-4C43-973A-FFA2BC2A2DEC}.Ad-Hoc|Mixed Platforms.ActiveCfg = Release|Any CPU
		{EEB5A4FE-0180-4C43-973A-FFA2BC2A2DEC}.Ad-Hoc|Mixed Platforms.Build.0 = Release|Any CPU
		{EEB5A4FE-0180-4C43-973A-FFA2BC2A2DEC}.Ad-Hoc|Mixed Platforms.Deploy.0 = Release|Any CPU
		{EEB5A4FE-0180-4C43-973A-FFA2BC2A2DEC}.AppStore|Any CPU.ActiveCfg = Release|Any CPU
		{EEB5A4FE-0180-4C43-973A-FFA2BC2A2DEC}.AppStore|Any CPU.Build.0 = Release|Any CPU
		{EEB5A4FE-0180-4C43-973A-FFA2BC2A2DEC}.AppStore|Any CPU.Deploy.0 = Release|Any CPU
		{EEB5A4FE-0180-4C43-973A-FFA2BC2A2DEC}.AppStore|iPhone.ActiveCfg = Release|Any CPU
		{EEB5A4FE-0180-4C43-973A-FFA2BC2A2DEC}.AppStore|iPhoneSimulator.ActiveCfg = Release|Any CPU
		{EEB5A4FE-0180-4C43-973A-FFA2BC2A2DEC}.AppStore|Mixed Platforms.ActiveCfg = Release|Any CPU
		{EEB5A4FE-0180-4C43-973A-FFA2BC2A2DEC}.AppStore|Mixed Platforms.Build.0 = Release|Any CPU
		{EEB5A4FE-0180-4C43-973A-FFA2BC2A2DEC}.AppStore|Mixed Platforms.Deploy.0 = Release|Any CPU
		{EEB5A4FE-0180-4C43-973A-FFA2BC2A2DEC}.Debug|Any CPU.ActiveCfg = Debug|Any CPU
		{EEB5A4FE-0180-4C43-973A-FFA2BC2A2DEC}.Debug|Any CPU.Build.0 = Debug|Any CPU
		{EEB5A4FE-0180-4C43-973A-FFA2BC2A2DEC}.Debug|Any CPU.Deploy.0 = Debug|Any CPU
		{EEB5A4FE-0180-4C43-973A-FFA2BC2A2DEC}.Debug|iPhone.ActiveCfg = Debug|Any CPU
		{EEB5A4FE-0180-4C43-973A-FFA2BC2A2DEC}.Debug|iPhoneSimulator.ActiveCfg = Debug|Any CPU
		{EEB5A4FE-0180-4C43-973A-FFA2BC2A2DEC}.Debug|Mixed Platforms.ActiveCfg = Debug|Any CPU
		{EEB5A4FE-0180-4C43-973A-FFA2BC2A2DEC}.Debug|Mixed Platforms.Build.0 = Debug|Any CPU
		{EEB5A4FE-0180-4C43-973A-FFA2BC2A2DEC}.Debug|Mixed Platforms.Deploy.0 = Debug|Any CPU
		{EEB5A4FE-0180-4C43-973A-FFA2BC2A2DEC}.Release|Any CPU.ActiveCfg = Release|Any CPU
		{EEB5A4FE-0180-4C43-973A-FFA2BC2A2DEC}.Release|Any CPU.Build.0 = Release|Any CPU
		{EEB5A4FE-0180-4C43-973A-FFA2BC2A2DEC}.Release|Any CPU.Deploy.0 = Release|Any CPU
		{EEB5A4FE-0180-4C43-973A-FFA2BC2A2DEC}.Release|iPhone.ActiveCfg = Release|Any CPU
		{EEB5A4FE-0180-4C43-973A-FFA2BC2A2DEC}.Release|iPhoneSimulator.ActiveCfg = Release|Any CPU
		{EEB5A4FE-0180-4C43-973A-FFA2BC2A2DEC}.Release|Mixed Platforms.ActiveCfg = Release|Any CPU
		{EEB5A4FE-0180-4C43-973A-FFA2BC2A2DEC}.Release|Mixed Platforms.Build.0 = Release|Any CPU
		{EEB5A4FE-0180-4C43-973A-FFA2BC2A2DEC}.Release|Mixed Platforms.Deploy.0 = Release|Any CPU
		{4A5D5830-8ADB-432F-B80B-D97D3C7A9390}.Ad-Hoc|Any CPU.ActiveCfg = Ad-Hoc|iPhone
		{4A5D5830-8ADB-432F-B80B-D97D3C7A9390}.Ad-Hoc|iPhone.ActiveCfg = Ad-Hoc|iPhone
		{4A5D5830-8ADB-432F-B80B-D97D3C7A9390}.Ad-Hoc|iPhone.Build.0 = Ad-Hoc|iPhone
		{4A5D5830-8ADB-432F-B80B-D97D3C7A9390}.Ad-Hoc|iPhone.Deploy.0 = Ad-Hoc|iPhone
		{4A5D5830-8ADB-432F-B80B-D97D3C7A9390}.Ad-Hoc|iPhoneSimulator.ActiveCfg = Ad-Hoc|iPhoneSimulator
		{4A5D5830-8ADB-432F-B80B-D97D3C7A9390}.Ad-Hoc|iPhoneSimulator.Build.0 = Ad-Hoc|iPhoneSimulator
		{4A5D5830-8ADB-432F-B80B-D97D3C7A9390}.Ad-Hoc|iPhoneSimulator.Deploy.0 = Ad-Hoc|iPhoneSimulator
		{4A5D5830-8ADB-432F-B80B-D97D3C7A9390}.Ad-Hoc|Mixed Platforms.ActiveCfg = Ad-Hoc|iPhone
		{4A5D5830-8ADB-432F-B80B-D97D3C7A9390}.Ad-Hoc|Mixed Platforms.Build.0 = Ad-Hoc|iPhone
		{4A5D5830-8ADB-432F-B80B-D97D3C7A9390}.Ad-Hoc|Mixed Platforms.Deploy.0 = Ad-Hoc|iPhone
		{4A5D5830-8ADB-432F-B80B-D97D3C7A9390}.AppStore|Any CPU.ActiveCfg = AppStore|iPhone
		{4A5D5830-8ADB-432F-B80B-D97D3C7A9390}.AppStore|iPhone.ActiveCfg = AppStore|iPhone
		{4A5D5830-8ADB-432F-B80B-D97D3C7A9390}.AppStore|iPhone.Build.0 = AppStore|iPhone
		{4A5D5830-8ADB-432F-B80B-D97D3C7A9390}.AppStore|iPhone.Deploy.0 = AppStore|iPhone
		{4A5D5830-8ADB-432F-B80B-D97D3C7A9390}.AppStore|iPhoneSimulator.ActiveCfg = AppStore|iPhoneSimulator
		{4A5D5830-8ADB-432F-B80B-D97D3C7A9390}.AppStore|iPhoneSimulator.Build.0 = AppStore|iPhoneSimulator
		{4A5D5830-8ADB-432F-B80B-D97D3C7A9390}.AppStore|iPhoneSimulator.Deploy.0 = AppStore|iPhoneSimulator
		{4A5D5830-8ADB-432F-B80B-D97D3C7A9390}.AppStore|Mixed Platforms.ActiveCfg = AppStore|iPhone
		{4A5D5830-8ADB-432F-B80B-D97D3C7A9390}.AppStore|Mixed Platforms.Build.0 = AppStore|iPhone
		{4A5D5830-8ADB-432F-B80B-D97D3C7A9390}.AppStore|Mixed Platforms.Deploy.0 = AppStore|iPhone
		{4A5D5830-8ADB-432F-B80B-D97D3C7A9390}.Debug|Any CPU.ActiveCfg = Debug|iPhone
		{4A5D5830-8ADB-432F-B80B-D97D3C7A9390}.Debug|iPhone.ActiveCfg = Debug|iPhone
		{4A5D5830-8ADB-432F-B80B-D97D3C7A9390}.Debug|iPhone.Build.0 = Debug|iPhone
		{4A5D5830-8ADB-432F-B80B-D97D3C7A9390}.Debug|iPhone.Deploy.0 = Debug|iPhone
		{4A5D5830-8ADB-432F-B80B-D97D3C7A9390}.Debug|iPhoneSimulator.ActiveCfg = Debug|iPhoneSimulator
		{4A5D5830-8ADB-432F-B80B-D97D3C7A9390}.Debug|iPhoneSimulator.Build.0 = Debug|iPhoneSimulator
		{4A5D5830-8ADB-432F-B80B-D97D3C7A9390}.Debug|iPhoneSimulator.Deploy.0 = Debug|iPhoneSimulator
		{4A5D5830-8ADB-432F-B80B-D97D3C7A9390}.Debug|Mixed Platforms.ActiveCfg = Debug|iPhone
		{4A5D5830-8ADB-432F-B80B-D97D3C7A9390}.Debug|Mixed Platforms.Build.0 = Debug|iPhone
		{4A5D5830-8ADB-432F-B80B-D97D3C7A9390}.Debug|Mixed Platforms.Deploy.0 = Debug|iPhone
		{4A5D5830-8ADB-432F-B80B-D97D3C7A9390}.Release|Any CPU.ActiveCfg = Release|iPhone
		{4A5D5830-8ADB-432F-B80B-D97D3C7A9390}.Release|iPhone.ActiveCfg = Release|iPhone
		{4A5D5830-8ADB-432F-B80B-D97D3C7A9390}.Release|iPhone.Build.0 = Release|iPhone
		{4A5D5830-8ADB-432F-B80B-D97D3C7A9390}.Release|iPhone.Deploy.0 = Release|iPhone
		{4A5D5830-8ADB-432F-B80B-D97D3C7A9390}.Release|iPhoneSimulator.ActiveCfg = Release|iPhoneSimulator
		{4A5D5830-8ADB-432F-B80B-D97D3C7A9390}.Release|iPhoneSimulator.Build.0 = Release|iPhoneSimulator
		{4A5D5830-8ADB-432F-B80B-D97D3C7A9390}.Release|iPhoneSimulator.Deploy.0 = Release|iPhoneSimulator
		{4A5D5830-8ADB-432F-B80B-D97D3C7A9390}.Release|Mixed Platforms.ActiveCfg = Release|iPhone
		{4A5D5830-8ADB-432F-B80B-D97D3C7A9390}.Release|Mixed Platforms.Build.0 = Release|iPhone
		{4A5D5830-8ADB-432F-B80B-D97D3C7A9390}.Release|Mixed Platforms.Deploy.0 = Release|iPhone
		{83184C9F-D171-4401-B920-21D57BCA097A}.Ad-Hoc|Any CPU.ActiveCfg = Release|Any CPU
		{83184C9F-D171-4401-B920-21D57BCA097A}.Ad-Hoc|Any CPU.Build.0 = Release|Any CPU
		{83184C9F-D171-4401-B920-21D57BCA097A}.Ad-Hoc|iPhone.ActiveCfg = Release|Any CPU
		{83184C9F-D171-4401-B920-21D57BCA097A}.Ad-Hoc|iPhoneSimulator.ActiveCfg = Release|Any CPU
		{83184C9F-D171-4401-B920-21D57BCA097A}.Ad-Hoc|Mixed Platforms.ActiveCfg = Release|Any CPU
		{83184C9F-D171-4401-B920-21D57BCA097A}.Ad-Hoc|Mixed Platforms.Build.0 = Release|Any CPU
		{83184C9F-D171-4401-B920-21D57BCA097A}.AppStore|Any CPU.ActiveCfg = Release|Any CPU
		{83184C9F-D171-4401-B920-21D57BCA097A}.AppStore|Any CPU.Build.0 = Release|Any CPU
		{83184C9F-D171-4401-B920-21D57BCA097A}.AppStore|iPhone.ActiveCfg = Release|Any CPU
		{83184C9F-D171-4401-B920-21D57BCA097A}.AppStore|iPhoneSimulator.ActiveCfg = Release|Any CPU
		{83184C9F-D171-4401-B920-21D57BCA097A}.AppStore|Mixed Platforms.ActiveCfg = Release|Any CPU
		{83184C9F-D171-4401-B920-21D57BCA097A}.AppStore|Mixed Platforms.Build.0 = Release|Any CPU
		{83184C9F-D171-4401-B920-21D57BCA097A}.Debug|Any CPU.ActiveCfg = Debug|Any CPU
		{83184C9F-D171-4401-B920-21D57BCA097A}.Debug|Any CPU.Build.0 = Debug|Any CPU
		{83184C9F-D171-4401-B920-21D57BCA097A}.Debug|iPhone.ActiveCfg = Debug|Any CPU
		{83184C9F-D171-4401-B920-21D57BCA097A}.Debug|iPhoneSimulator.ActiveCfg = Debug|Any CPU
		{83184C9F-D171-4401-B920-21D57BCA097A}.Debug|Mixed Platforms.ActiveCfg = Debug|Any CPU
		{83184C9F-D171-4401-B920-21D57BCA097A}.Debug|Mixed Platforms.Build.0 = Debug|Any CPU
		{83184C9F-D171-4401-B920-21D57BCA097A}.Release|Any CPU.ActiveCfg = Release|Any CPU
		{83184C9F-D171-4401-B920-21D57BCA097A}.Release|Any CPU.Build.0 = Release|Any CPU
		{83184C9F-D171-4401-B920-21D57BCA097A}.Release|iPhone.ActiveCfg = Release|Any CPU
		{83184C9F-D171-4401-B920-21D57BCA097A}.Release|iPhoneSimulator.ActiveCfg = Release|Any CPU
		{83184C9F-D171-4401-B920-21D57BCA097A}.Release|Mixed Platforms.ActiveCfg = Release|Any CPU
		{83184C9F-D171-4401-B920-21D57BCA097A}.Release|Mixed Platforms.Build.0 = Release|Any CPU
		{4CC21E4B-0E97-4911-A94D-2B1B506743FD}.Ad-Hoc|Any CPU.ActiveCfg = Release|Any CPU
		{4CC21E4B-0E97-4911-A94D-2B1B506743FD}.Ad-Hoc|Any CPU.Build.0 = Release|Any CPU
		{4CC21E4B-0E97-4911-A94D-2B1B506743FD}.Ad-Hoc|Any CPU.Deploy.0 = Release|Any CPU
		{4CC21E4B-0E97-4911-A94D-2B1B506743FD}.Ad-Hoc|iPhone.ActiveCfg = Release|Any CPU
		{4CC21E4B-0E97-4911-A94D-2B1B506743FD}.Ad-Hoc|iPhoneSimulator.ActiveCfg = Release|Any CPU
		{4CC21E4B-0E97-4911-A94D-2B1B506743FD}.Ad-Hoc|Mixed Platforms.ActiveCfg = Release|Any CPU
		{4CC21E4B-0E97-4911-A94D-2B1B506743FD}.Ad-Hoc|Mixed Platforms.Build.0 = Release|Any CPU
		{4CC21E4B-0E97-4911-A94D-2B1B506743FD}.Ad-Hoc|Mixed Platforms.Deploy.0 = Release|Any CPU
		{4CC21E4B-0E97-4911-A94D-2B1B506743FD}.AppStore|Any CPU.ActiveCfg = Release|Any CPU
		{4CC21E4B-0E97-4911-A94D-2B1B506743FD}.AppStore|Any CPU.Build.0 = Release|Any CPU
		{4CC21E4B-0E97-4911-A94D-2B1B506743FD}.AppStore|Any CPU.Deploy.0 = Release|Any CPU
		{4CC21E4B-0E97-4911-A94D-2B1B506743FD}.AppStore|iPhone.ActiveCfg = Release|Any CPU
		{4CC21E4B-0E97-4911-A94D-2B1B506743FD}.AppStore|iPhoneSimulator.ActiveCfg = Release|Any CPU
		{4CC21E4B-0E97-4911-A94D-2B1B506743FD}.AppStore|Mixed Platforms.ActiveCfg = Release|Any CPU
		{4CC21E4B-0E97-4911-A94D-2B1B506743FD}.AppStore|Mixed Platforms.Build.0 = Release|Any CPU
		{4CC21E4B-0E97-4911-A94D-2B1B506743FD}.AppStore|Mixed Platforms.Deploy.0 = Release|Any CPU
		{4CC21E4B-0E97-4911-A94D-2B1B506743FD}.Debug|Any CPU.ActiveCfg = Debug|Any CPU
		{4CC21E4B-0E97-4911-A94D-2B1B506743FD}.Debug|Any CPU.Build.0 = Debug|Any CPU
		{4CC21E4B-0E97-4911-A94D-2B1B506743FD}.Debug|Any CPU.Deploy.0 = Debug|Any CPU
		{4CC21E4B-0E97-4911-A94D-2B1B506743FD}.Debug|iPhone.ActiveCfg = Debug|Any CPU
		{4CC21E4B-0E97-4911-A94D-2B1B506743FD}.Debug|iPhoneSimulator.ActiveCfg = Debug|Any CPU
		{4CC21E4B-0E97-4911-A94D-2B1B506743FD}.Debug|Mixed Platforms.ActiveCfg = Debug|Any CPU
		{4CC21E4B-0E97-4911-A94D-2B1B506743FD}.Debug|Mixed Platforms.Build.0 = Debug|Any CPU
		{4CC21E4B-0E97-4911-A94D-2B1B506743FD}.Debug|Mixed Platforms.Deploy.0 = Debug|Any CPU
		{4CC21E4B-0E97-4911-A94D-2B1B506743FD}.Release|Any CPU.ActiveCfg = Release|Any CPU
		{4CC21E4B-0E97-4911-A94D-2B1B506743FD}.Release|Any CPU.Build.0 = Release|Any CPU
		{4CC21E4B-0E97-4911-A94D-2B1B506743FD}.Release|Any CPU.Deploy.0 = Release|Any CPU
		{4CC21E4B-0E97-4911-A94D-2B1B506743FD}.Release|iPhone.ActiveCfg = Release|Any CPU
		{4CC21E4B-0E97-4911-A94D-2B1B506743FD}.Release|iPhoneSimulator.ActiveCfg = Release|Any CPU
		{4CC21E4B-0E97-4911-A94D-2B1B506743FD}.Release|Mixed Platforms.ActiveCfg = Release|Any CPU
		{4CC21E4B-0E97-4911-A94D-2B1B506743FD}.Release|Mixed Platforms.Build.0 = Release|Any CPU
		{4CC21E4B-0E97-4911-A94D-2B1B506743FD}.Release|Mixed Platforms.Deploy.0 = Release|Any CPU
		{A92F2987-E997-462B-8D4A-1B2309A40B7D}.Ad-Hoc|Any CPU.ActiveCfg = Ad-Hoc|iPhone
		{A92F2987-E997-462B-8D4A-1B2309A40B7D}.Ad-Hoc|iPhone.ActiveCfg = Ad-Hoc|iPhone
		{A92F2987-E997-462B-8D4A-1B2309A40B7D}.Ad-Hoc|iPhone.Build.0 = Ad-Hoc|iPhone
		{A92F2987-E997-462B-8D4A-1B2309A40B7D}.Ad-Hoc|iPhone.Deploy.0 = Ad-Hoc|iPhone
		{A92F2987-E997-462B-8D4A-1B2309A40B7D}.Ad-Hoc|iPhoneSimulator.ActiveCfg = Ad-Hoc|iPhoneSimulator
		{A92F2987-E997-462B-8D4A-1B2309A40B7D}.Ad-Hoc|iPhoneSimulator.Build.0 = Ad-Hoc|iPhoneSimulator
		{A92F2987-E997-462B-8D4A-1B2309A40B7D}.Ad-Hoc|iPhoneSimulator.Deploy.0 = Ad-Hoc|iPhoneSimulator
		{A92F2987-E997-462B-8D4A-1B2309A40B7D}.Ad-Hoc|Mixed Platforms.ActiveCfg = Ad-Hoc|iPhone
		{A92F2987-E997-462B-8D4A-1B2309A40B7D}.Ad-Hoc|Mixed Platforms.Build.0 = Ad-Hoc|iPhone
		{A92F2987-E997-462B-8D4A-1B2309A40B7D}.Ad-Hoc|Mixed Platforms.Deploy.0 = Ad-Hoc|iPhone
		{A92F2987-E997-462B-8D4A-1B2309A40B7D}.AppStore|Any CPU.ActiveCfg = AppStore|iPhone
		{A92F2987-E997-462B-8D4A-1B2309A40B7D}.AppStore|iPhone.ActiveCfg = AppStore|iPhone
		{A92F2987-E997-462B-8D4A-1B2309A40B7D}.AppStore|iPhone.Build.0 = AppStore|iPhone
		{A92F2987-E997-462B-8D4A-1B2309A40B7D}.AppStore|iPhone.Deploy.0 = AppStore|iPhone
		{A92F2987-E997-462B-8D4A-1B2309A40B7D}.AppStore|iPhoneSimulator.ActiveCfg = AppStore|iPhoneSimulator
		{A92F2987-E997-462B-8D4A-1B2309A40B7D}.AppStore|iPhoneSimulator.Build.0 = AppStore|iPhoneSimulator
		{A92F2987-E997-462B-8D4A-1B2309A40B7D}.AppStore|iPhoneSimulator.Deploy.0 = AppStore|iPhoneSimulator
		{A92F2987-E997-462B-8D4A-1B2309A40B7D}.AppStore|Mixed Platforms.ActiveCfg = AppStore|iPhone
		{A92F2987-E997-462B-8D4A-1B2309A40B7D}.AppStore|Mixed Platforms.Build.0 = AppStore|iPhone
		{A92F2987-E997-462B-8D4A-1B2309A40B7D}.AppStore|Mixed Platforms.Deploy.0 = AppStore|iPhone
		{A92F2987-E997-462B-8D4A-1B2309A40B7D}.Debug|Any CPU.ActiveCfg = Debug|iPhone
		{A92F2987-E997-462B-8D4A-1B2309A40B7D}.Debug|iPhone.ActiveCfg = Debug|iPhone
		{A92F2987-E997-462B-8D4A-1B2309A40B7D}.Debug|iPhone.Build.0 = Debug|iPhone
		{A92F2987-E997-462B-8D4A-1B2309A40B7D}.Debug|iPhone.Deploy.0 = Debug|iPhone
		{A92F2987-E997-462B-8D4A-1B2309A40B7D}.Debug|iPhoneSimulator.ActiveCfg = Debug|iPhoneSimulator
		{A92F2987-E997-462B-8D4A-1B2309A40B7D}.Debug|iPhoneSimulator.Build.0 = Debug|iPhoneSimulator
		{A92F2987-E997-462B-8D4A-1B2309A40B7D}.Debug|iPhoneSimulator.Deploy.0 = Debug|iPhoneSimulator
		{A92F2987-E997-462B-8D4A-1B2309A40B7D}.Debug|Mixed Platforms.ActiveCfg = Debug|iPhone
		{A92F2987-E997-462B-8D4A-1B2309A40B7D}.Debug|Mixed Platforms.Build.0 = Debug|iPhone
		{A92F2987-E997-462B-8D4A-1B2309A40B7D}.Debug|Mixed Platforms.Deploy.0 = Debug|iPhone
		{A92F2987-E997-462B-8D4A-1B2309A40B7D}.Release|Any CPU.ActiveCfg = Release|iPhone
		{A92F2987-E997-462B-8D4A-1B2309A40B7D}.Release|iPhone.ActiveCfg = Release|iPhone
		{A92F2987-E997-462B-8D4A-1B2309A40B7D}.Release|iPhone.Build.0 = Release|iPhone
		{A92F2987-E997-462B-8D4A-1B2309A40B7D}.Release|iPhone.Deploy.0 = Release|iPhone
		{A92F2987-E997-462B-8D4A-1B2309A40B7D}.Release|iPhoneSimulator.ActiveCfg = Release|iPhoneSimulator
		{A92F2987-E997-462B-8D4A-1B2309A40B7D}.Release|iPhoneSimulator.Build.0 = Release|iPhoneSimulator
		{A92F2987-E997-462B-8D4A-1B2309A40B7D}.Release|iPhoneSimulator.Deploy.0 = Release|iPhoneSimulator
		{A92F2987-E997-462B-8D4A-1B2309A40B7D}.Release|Mixed Platforms.ActiveCfg = Release|iPhone
		{A92F2987-E997-462B-8D4A-1B2309A40B7D}.Release|Mixed Platforms.Build.0 = Release|iPhone
		{A92F2987-E997-462B-8D4A-1B2309A40B7D}.Release|Mixed Platforms.Deploy.0 = Release|iPhone
	EndGlobalSection
	GlobalSection(SolutionProperties) = preSolution
		HideSolutionNode = FALSE
	EndGlobalSection
	GlobalSection(NestedProjects) = preSolution
		{83184C9F-D171-4401-B920-21D57BCA097A} = {EA168D09-F765-469D-B2D9-626C742B6C01}
		{4CC21E4B-0E97-4911-A94D-2B1B506743FD} = {EA168D09-F765-469D-B2D9-626C742B6C01}
		{A92F2987-E997-462B-8D4A-1B2309A40B7D} = {EA168D09-F765-469D-B2D9-626C742B6C01}
		{14C960F4-FB3E-41E2-B826-3FFA51DD5DA7} = {6035726C-01B3-4DB4-9B6D-0457C1EEEC49}
		{EEB5A4FE-0180-4C43-973A-FFA2BC2A2DEC} = {6035726C-01B3-4DB4-9B6D-0457C1EEEC49}
		{4A5D5830-8ADB-432F-B80B-D97D3C7A9390} = {6035726C-01B3-4DB4-9B6D-0457C1EEEC49}
	EndGlobalSection
EndGlobal
